{
  "name": "ceta",
  "version": "0.0.1",
  "lockfileVersion": 2,
  "requires": true,
  "packages": {
    "": {
      "name": "ceta",
      "version": "0.0.1",
      "license": "MIT",
      "dependencies": {
        "blessed": "git+https://github.com/Hilbis/blessed.git"
      }
    },
    "node_modules/blessed": {
      "name": "@hilbis/blessed",
      "version": "0.1.82",
      "resolved": "git+ssh://git@github.com/Hilbis/blessed.git#a0e55859a39ae1a2b9171dd4d72683ab217054d4",
      "license": "MIT",
      "bin": {
        "blessed": "bin/tput.js"
      },
      "engines": {
        "node": ">= 0.8.0"
      }
    }
  },
  "dependencies": {
    "blessed": {
      "version": "git+ssh://git@github.com/Hilbis/blessed.git#a0e55859a39ae1a2b9171dd4d72683ab217054d4",
      "from": "blessed@git+https://github.com/Hilbis/blessed.git"
    }
  }
}
